
Microsoft Visual Studio Solution File, Format Version 12.00
# Visual Studio 15
VisualStudioVersion = 15.0.28307.136
MinimumVisualStudioVersion = 10.0.40219.1
Project("{FAE04EC0-301F-11D3-BF4B-00C04F79EFBC}") = "CurrencyRate", "CurrencyRate\CurrencyRate.csproj", "{AA2AAA03-22C5-4731-A4F4-54252302E24F}"
EndProject
Project("{FAE04EC0-301F-11D3-BF4B-00C04F79EFBC}") = "CurrencyRates.UnitTests", "CurrencyRates.UnitTests\CurrencyRates.UnitTests.csproj", "{F3D74277-60F8-4F04-9094-7C633B80230F}"
EndProject
Global
	GlobalSection(SolutionConfigurationPlatforms) = preSolution
		Debug|Any CPU = Debug|Any CPU
		Release|Any CPU = Release|Any CPU
	EndGlobalSection
	GlobalSection(ProjectConfigurationPlatforms) = postSolution
		{AA2AAA03-22C5-4731-A4F4-54252302E24F}.Debug|Any CPU.ActiveCfg = Debug|Any CPU
		{AA2AAA03-22C5-4731-A4F4-54252302E24F}.Debug|Any CPU.Build.0 = Debug|Any CPU
		{AA2AAA03-22C5-4731-A4F4-54252302E24F}.Release|Any CPU.ActiveCfg = Release|Any CPU
		{AA2AAA03-22C5-4731-A4F4-54252302E24F}.Release|Any CPU.Build.0 = Release|Any CPU
		{F3D74277-60F8-4F04-9094-7C633B80230F}.Debug|Any CPU.ActiveCfg = Debug|Any CPU
		{F3D74277-60F8-4F04-9094-7C633B80230F}.Debug|Any CPU.Build.0 = Debug|Any CPU
		{F3D74277-60F8-4F04-9094-7C633B80230F}.Release|Any CPU.ActiveCfg = Release|Any CPU
		{F3D74277-60F8-4F04-9094-7C633B80230F}.Release|Any CPU.Build.0 = Release|Any CPU
	EndGlobalSection
	GlobalSection(SolutionProperties) = preSolution
		HideSolutionNode = FALSE
	EndGlobalSection
	GlobalSection(ExtensibilityGlobals) = postSolution
		SolutionGuid = {7056186B-4F72-41F2-BE67-67601C849060}
	EndGlobalSection
EndGlobal
